// !$*UTF8*$!
{
	archiveVersion = 1;
	classes = {
	};
	objectVersion = 56;
	objects = {

/* Begin PBXBuildFile section */
		7C04A049295262ED0005594C /* TCAQuestion0001App.swift in Sources */ = {isa = PBXBuildFile; fileRef = 7C04A048295262ED0005594C /* TCAQuestion0001App.swift */; };
		7C04A04D295262EE0005594C /* Assets.xcassets in Resources */ = {isa = PBXBuildFile; fileRef = 7C04A04C295262EE0005594C /* Assets.xcassets */; };
		7C04A050295262EE0005594C /* Preview Assets.xcassets in Resources */ = {isa = PBXBuildFile; fileRef = 7C04A04F295262EE0005594C /* Preview Assets.xcassets */; };
		7C04A058295263830005594C /* ComposableArchitecture in Frameworks */ = {isa = PBXBuildFile; productRef = 7C04A057295263830005594C /* ComposableArchitecture */; };
		7C04A05E295264280005594C /* LeafScene.swift in Sources */ = {isa = PBXBuildFile; fileRef = 7C04A059295264280005594C /* LeafScene.swift */; };
		7C04A05F295264280005594C /* SceneRouter.swift in Sources */ = {isa = PBXBuildFile; fileRef = 7C04A05A295264280005594C /* SceneRouter.swift */; };
		7C04A060295264280005594C /* IntermediateScene.swift in Sources */ = {isa = PBXBuildFile; fileRef = 7C04A05B295264280005594C /* IntermediateScene.swift */; };
		7C04A061295264280005594C /* TCAUtilities.swift in Sources */ = {isa = PBXBuildFile; fileRef = 7C04A05C295264280005594C /* TCAUtilities.swift */; };
		7C04A062295264280005594C /* AppScene.swift in Sources */ = {isa = PBXBuildFile; fileRef = 7C04A05D295264280005594C /* AppScene.swift */; };
/* End PBXBuildFile section */

/* Begin PBXFileReference section */
		7C04A045295262ED0005594C /* TCAQuestion0001.app */ = {isa = PBXFileReference; explicitFileType = wrapper.application; includeInIndex = 0; path = TCAQuestion0001.app; sourceTree = BUILT_PRODUCTS_DIR; };
		7C04A048295262ED0005594C /* TCAQuestion0001App.swift */ = {isa = PBXFileReference; lastKnownFileType = sourcecode.swift; path = TCAQuestion0001App.swift; sourceTree = "<group>"; };
		7C04A04C295262EE0005594C /* Assets.xcassets */ = {isa = PBXFileReference; lastKnownFileType = folder.assetcatalog; path = Assets.xcassets; sourceTree = "<group>"; };
		7C04A04F295262EE0005594C /* Preview Assets.xcassets */ = {isa = PBXFileReference; lastKnownFileType = folder.assetcatalog; path = "Preview Assets.xcassets"; sourceTree = "<group>"; };
		7C04A059295264280005594C /* LeafScene.swift */ = {isa = PBXFileReference; fileEncoding = 4; lastKnownFileType = sourcecode.swift; path = LeafScene.swift; sourceTree = "<group>"; };
		7C04A05A295264280005594C /* SceneRouter.swift */ = {isa = PBXFileReference; fileEncoding = 4; lastKnownFileType = sourcecode.swift; path = SceneRouter.swift; sourceTree = "<group>"; };
		7C04A05B295264280005594C /* IntermediateScene.swift */ = {isa = PBXFileReference; fileEncoding = 4; lastKnownFileType = sourcecode.swift; path = IntermediateScene.swift; sourceTree = "<group>"; };
		7C04A05C295264280005594C /* TCAUtilities.swift */ = {isa = PBXFileReference; fileEncoding = 4; lastKnownFileType = sourcecode.swift; path = TCAUtilities.swift; sourceTree = "<group>"; };
		7C04A05D295264280005594C /* AppScene.swift */ = {isa = PBXFileReference; fileEncoding = 4; lastKnownFileType = sourcecode.swift; path = AppScene.swift; sourceTree = "<group>"; };
		7C04A063295264C70005594C /* Info.plist */ = {isa = PBXFileReference; lastKnownFileType = text.plist; path = Info.plist; sourceTree = "<group>"; };
/* End PBXFileReference section */

/* Begin PBXFrameworksBuildPhase section */
		7C04A042295262ED0005594C /* Frameworks */ = {
			isa = PBXFrameworksBuildPhase;
			buildActionMask = 2147483647;
			files = (
				7C04A058295263830005594C /* ComposableArchitecture in Frameworks */,
			);
			runOnlyForDeploymentPostprocessing = 0;
		};
/* End PBXFrameworksBuildPhase section */

/* Begin PBXGroup section */
		7C04A03C295262ED0005594C = {
			isa = PBXGroup;
			children = (
				7C04A047295262ED0005594C /* TCAQuestion0001 */,
				7C04A046295262ED0005594C /* Products */,
			);
			sourceTree = "<group>";
		};
		7C04A046295262ED0005594C /* Products */ = {
			isa = PBXGroup;
			children = (
				7C04A045295262ED0005594C /* TCAQuestion0001.app */,
			);
			name = Products;
			sourceTree = "<group>";
		};
		7C04A047295262ED0005594C /* TCAQuestion0001 */ = {
			isa = PBXGroup;
			children = (
				7C04A063295264C70005594C /* Info.plist */,
				7C04A05D295264280005594C /* AppScene.swift */,
				7C04A05B295264280005594C /* IntermediateScene.swift */,
				7C04A059295264280005594C /* LeafScene.swift */,
				7C04A05A295264280005594C /* SceneRouter.swift */,
				7C04A05C295264280005594C /* TCAUtilities.swift */,
				7C04A048295262ED0005594C /* TCAQuestion0001App.swift */,
				7C04A04C295262EE0005594C /* Assets.xcassets */,
				7C04A04E295262EE0005594C /* Preview Content */,
			);
			path = TCAQuestion0001;
			sourceTree = "<group>";
		};
		7C04A04E295262EE0005594C /* Preview Content */ = {
			isa = PBXGroup;
			children = (
				7C04A04F295262EE0005594C /* Preview Assets.xcassets */,
			);
			path = "Preview Content";
			sourceTree = "<group>";
		};
/* End PBXGroup section */

/* Begin PBXNativeTarget section */
		7C04A044295262ED0005594C /* TCAQuestion0001 */ = {
			isa = PBXNativeTarget;
			buildConfigurationList = 7C04A053295262EE0005594C /* Build configuration list for PBXNativeTarget "TCAQuestion0001" */;
			buildPhases = (
				7C04A041295262ED0005594C /* Sources */,
				7C04A042295262ED0005594C /* Frameworks */,
				7C04A043295262ED0005594C /* Resources */,
			);
			buildRules = (
			);
			dependencies = (
			);
			name = TCAQuestion0001;
			packageProductDependencies = (
				7C04A057295263830005594C /* ComposableArchitecture */,
			);
			productName = TCAQuestion0001;
			productReference = 7C04A045295262ED0005594C /* TCAQuestion0001.app */;
			productType = "com.apple.product-type.application";
		};
/* End PBXNativeTarget section */

/* Begin PBXProject section */
		7C04A03D295262ED0005594C /* Project object */ = {
			isa = PBXProject;
			attributes = {
				BuildIndependentTargetsInParallel = 1;
				LastSwiftUpdateCheck = 1400;
				LastUpgradeCheck = 1400;
				TargetAttributes = {
					7C04A044295262ED0005594C = {
						CreatedOnToolsVersion = 14.0.1;
					};
				};
			};
			buildConfigurationList = 7C04A040295262ED0005594C /* Build configuration list for PBXProject "TCAQuestion0001" */;
			compatibilityVersion = "Xcode 14.0";
			developmentRegion = en;
			hasScannedForEncodings = 0;
			knownRegions = (
				en,
				Base,
			);
			mainGroup = 7C04A03C295262ED0005594C;
			packageReferences = (
				7C04A056295263830005594C /* XCRemoteSwiftPackageReference "swift-composable-architecture" */,
			);
			productRefGroup = 7C04A046295262ED0005594C /* Products */;
			projectDirPath = "";
			projectRoot = "";
			targets = (
				7C04A044295262ED0005594C /* TCAQuestion0001 */,
			);
		};
/* End PBXProject section */

/* Begin PBXResourcesBuildPhase section */
		7C04A043295262ED0005594C /* Resources */ = {
			isa = PBXResourcesBuildPhase;
			buildActionMask = 2147483647;
			files = (
				7C04A050295262EE0005594C /* Preview Assets.xcassets in Resources */,
				7C04A04D295262EE0005594C /* Assets.xcassets in Resources */,
			);
			runOnlyForDeploymentPostprocessing = 0;
		};
/* End PBXResourcesBuildPhase section */

/* Begin PBXSourcesBuildPhase section */
		7C04A041295262ED0005594C /* Sources */ = {
			isa = PBXSourcesBuildPhase;
			buildActionMask = 2147483647;
			files = (
				7C04A060295264280005594C /* IntermediateScene.swift in Sources */,
				7C04A062295264280005594C /* AppScene.swift in Sources */,
				7C04A049295262ED0005594C /* TCAQuestion0001App.swift in Sources */,
				7C04A05E295264280005594C /* LeafScene.swift in Sources */,
				7C04A05F295264280005594C /* SceneRouter.swift in Sources */,
				7C04A061295264280005594C /* TCAUtilities.swift in Sources */,
			);
			runOnlyForDeploymentPostprocessing = 0;
		};
/* End PBXSourcesBuildPhase section */

/* Begin XCBuildConfiguration section */
		7C04A051295262EE0005594C /* Debug */ = {
			isa = XCBuildConfiguration;
			buildSettings = {
				ALWAYS_SEARCH_USER_PATHS = NO;
				CLANG_ANALYZER_NONNULL = YES;
				CLANG_ANALYZER_NUMBER_OBJECT_CONVERSION = YES_AGGRESSIVE;
				CLANG_CXX_LANGUAGE_STANDARD = "gnu++20";
				CLANG_ENABLE_MODULES = YES;
				CLANG_ENABLE_OBJC_ARC = YES;
				CLANG_ENABLE_OBJC_WEAK = YES;
				CLANG_WARN_BLOCK_CAPTURE_AUTORELEASING = YES;
				CLANG_WARN_BOOL_CONVERSION = YES;
				CLANG_WARN_COMMA = YES;
				CLANG_WARN_CONSTANT_CONVERSION = YES;
				CLANG_WARN_DEPRECATED_OBJC_IMPLEMENTATIONS = YES;
				CLANG_WARN_DIRECT_OBJC_ISA_USAGE = YES_ERROR;
				CLANG_WARN_DOCUMENTATION_COMMENTS = YES;
				CLANG_WARN_EMPTY_BODY = YES;
				CLANG_WARN_ENUM_CONVERSION = YES;
				CLANG_WARN_INFINITE_RECURSION = YES;
				CLANG_WARN_INT_CONVERSION = YES;
				CLANG_WARN_NON_LITERAL_NULL_CONVERSION = YES;
				CLANG_WARN_OBJC_IMPLICIT_RETAIN_SELF = YES;
				CLANG_WARN_OBJC_LITERAL_CONVERSION = YES;
				CLANG_WARN_OBJC_ROOT_CLASS = YES_ERROR;
				CLANG_WARN_QUOTED_INCLUDE_IN_FRAMEWORK_HEADER = YES;
				CLANG_WARN_RANGE_LOOP_ANALYSIS = YES;
				CLANG_WARN_STRICT_PROTOTYPES = YES;
				CLANG_WARN_SUSPICIOUS_MOVE = YES;
				CLANG_WARN_UNGUARDED_AVAILABILITY = YES_AGGRESSIVE;
				CLANG_WARN_UNREACHABLE_CODE = YES;
				CLANG_WARN__DUPLICATE_METHOD_MATCH = YES;
				COPY_PHASE_STRIP = NO;
				DEBUG_INFORMATION_FORMAT = dwarf;
				ENABLE_STRICT_OBJC_MSGSEND = YES;
				ENABLE_TESTABILITY = YES;
				GCC_C_LANGUAGE_STANDARD = gnu11;
				GCC_DYNAMIC_NO_PIC = NO;
				GCC_NO_COMMON_BLOCKS = YES;
				GCC_OPTIMIZATION_LEVEL = 0;
				GCC_PREPROCESSOR_DEFINITIONS = (
					"DEBUG=1",
					"$(inherited)",
				);
				GCC_WARN_64_TO_32_BIT_CONVERSION = YES;
				GCC_WARN_ABOUT_RETURN_TYPE = YES_ERROR;
				GCC_WARN_UNDECLARED_SELECTOR = YES;
				GCC_WARN_UNINITIALIZED_AUTOS = YES_AGGRESSIVE;
				GCC_WARN_UNUSED_FUNCTION = YES;
				GCC_WARN_UNUSED_VARIABLE = YES;
				IPHONEOS_DEPLOYMENT_TARGET = 16.0;
				MTL_ENABLE_DEBUG_INFO = INCLUDE_SOURCE;
				MTL_FAST_MATH = YES;
				ONLY_ACTIVE_ARCH = YES;
				SDKROOT = iphoneos;
				SWIFT_ACTIVE_COMPILATION_CONDITIONS = DEBUG;
				SWIFT_OPTIMIZATION_LEVEL = "-Onone";
			};
			name = Debug;
		};
		7C04A052295262EE0005594C /* Release */ = {
			isa = XCBuildConfiguration;
			buildSettings = {
				ALWAYS_SEARCH_USER_PATHS = NO;
				CLANG_ANALYZER_NONNULL = YES;
				CLANG_ANALYZER_NUMBER_OBJECT_CONVERSION = YES_AGGRESSIVE;
				CLANG_CXX_LANGUAGE_STANDARD = "gnu++20";
				CLANG_ENABLE_MODULES = YES;
				CLANG_ENABLE_OBJC_ARC = YES;
				CLANG_ENABLE_OBJC_WEAK = YES;
				CLANG_WARN_BLOCK_CAPTURE_AUTORELEASING = YES;
				CLANG_WARN_BOOL_CONVERSION = YES;
				CLANG_WARN_COMMA = YES;
				CLANG_WARN_CONSTANT_CONVERSION = YES;
				CLANG_WARN_DEPRECATED_OBJC_IMPLEMENTATIONS = YES;
				CLANG_WARN_DIRECT_OBJC_ISA_USAGE = YES_ERROR;
				CLANG_WARN_DOCUMENTATION_COMMENTS = YES;
				CLANG_WARN_EMPTY_BODY = YES;
				CLANG_WARN_ENUM_CONVERSION = YES;
				CLANG_WARN_INFINITE_RECURSION = YES;
				CLANG_WARN_INT_CONVERSION = YES;
				CLANG_WARN_NON_LITERAL_NULL_CONVERSION = YES;
				CLANG_WARN_OBJC_IMPLICIT_RETAIN_SELF = YES;
				CLANG_WARN_OBJC_LITERAL_CONVERSION = YES;
				CLANG_WARN_OBJC_ROOT_CLASS = YES_ERROR;
				CLANG_WARN_QUOTED_INCLUDE_IN_FRAMEWORK_HEADER = YES;
				CLANG_WARN_RANGE_LOOP_ANALYSIS = YES;
				CLANG_WARN_STRICT_PROTOTYPES = YES;
				CLANG_WARN_SUSPICIOUS_MOVE = YES;
				CLANG_WARN_UNGUARDED_AVAILABILITY = YES_AGGRESSIVE;
				CLANG_WARN_UNREACHABLE_CODE = YES;
				CLANG_WARN__DUPLICATE_METHOD_MATCH = YES;
				COPY_PHASE_STRIP = NO;
				DEBUG_INFORMATION_FORMAT = "dwarf-with-dsym";
				ENABLE_NS_ASSERTIONS = NO;
				ENABLE_STRICT_OBJC_MSGSEND = YES;
				GCC_C_LANGUAGE_STANDARD = gnu11;
				GCC_NO_COMMON_BLOCKS = YES;
				GCC_WARN_64_TO_32_BIT_CONVERSION = YES;
				GCC_WARN_ABOUT_RETURN_TYPE = YES_ERROR;
				GCC_WARN_UNDECLARED_SELECTOR = YES;
				GCC_WARN_UNINITIALIZED_AUTOS = YES_AGGRESSIVE;
				GCC_WARN_UNUSED_FUNCTION = YES;
				GCC_WARN_UNUSED_VARIABLE = YES;
				IPHONEOS_DEPLOYMENT_TARGET = 16.0;
				MTL_ENABLE_DEBUG_INFO = NO;
				MTL_FAST_MATH = YES;
				SDKROOT = iphoneos;
				SWIFT_COMPILATION_MODE = wholemodule;
				SWIFT_OPTIMIZATION_LEVEL = "-O";
				VALIDATE_PRODUCT = YES;
			};
			name = Release;
		};
		7C04A054295262EE0005594C /* Debug */ = {
			isa = XCBuildConfiguration;
			buildSettings = {
				ASSETCATALOG_COMPILER_APPICON_NAME = AppIcon;
				ASSETCATALOG_COMPILER_GLOBAL_ACCENT_COLOR_NAME = AccentColor;
				CODE_SIGN_STYLE = Automatic;
				CURRENT_PROJECT_VERSION = 1;
				DEVELOPMENT_ASSET_PATHS = "\"TCAQuestion0001/Preview Content\"";
				ENABLE_PREVIEWS = YES;
				GENERATE_INFOPLIST_FILE = YES;
				INFOPLIST_FILE = TCAQuestion0001/Info.plist;
				INFOPLIST_KEY_UIApplicationSceneManifest_Generation = YES;
				INFOPLIST_KEY_UIApplicationSupportsIndirectInputEvents = YES;
				INFOPLIST_KEY_UILaunchScreen_Generation = YES;
				INFOPLIST_KEY_UISupportedInterfaceOrientations_iPad = "UIInterfaceOrientationPortrait UIInterfaceOrientationPortraitUpsideDown UIInterfaceOrientationLandscapeLeft UIInterfaceOrientationLandscapeRight";
				INFOPLIST_KEY_UISupportedInterfaceOrientations_iPhone = "UIInterfaceOrientationPortrait UIInterfaceOrientationLandscapeLeft UIInterfaceOrientationLandscapeRight";
				LD_RUNPATH_SEARCH_PATHS = (
					"$(inherited)",
					"@executable_path/Frameworks",
				);
				MARKETING_VERSION = 1.0;
				PRODUCT_BUNDLE_IDENTIFIER = 20221220.TCAQuestion000.TCAQuestion0001;
				PRODUCT_NAME = "$(TARGET_NAME)";
				SWIFT_EMIT_LOC_STRINGS = YES;
				SWIFT_VERSION = 5.0;
				TARGETED_DEVICE_FAMILY = "1,2";
			};
			name = Debug;
		};
		7C04A055295262EE0005594C /* Release */ = {
			isa = XCBuildConfiguration;
			buildSettings = {
				ASSETCATALOG_COMPILER_APPICON_NAME = AppIcon;
				ASSETCATALOG_COMPILER_GLOBAL_ACCENT_COLOR_NAME = AccentColor;
				CODE_SIGN_STYLE = Automatic;
				CURRENT_PROJECT_VERSION = 1;
				DEVELOPMENT_ASSET_PATHS = "\"TCAQuestion0001/Preview Content\"";
				ENABLE_PREVIEWS = YES;
				GENERATE_INFOPLIST_FILE = YES;
				INFOPLIST_FILE = TCAQuestion0001/Info.plist;
				INFOPLIST_KEY_UIApplicationSceneManifest_Generation = YES;
				INFOPLIST_KEY_UIApplicationSupportsIndirectInputEvents = YES;
				INFOPLIST_KEY_UILaunchScreen_Generation = YES;
				INFOPLIST_KEY_UISupportedInterfaceOrientations_iPad = "UIInterfaceOrientationPortrait UIInterfaceOrientationPortraitUpsideDown UIInterfaceOrientationLandscapeLeft UIInterfaceOrientationLandscapeRight";
				INFOPLIST_KEY_UISupportedInterfaceOrientations_iPhone = "UIInterfaceOrientationPortrait UIInterfaceOrientationLandscapeLeft UIInterfaceOrientationLandscapeRight";
				LD_RUNPATH_SEARCH_PATHS = (
					"$(inherited)",
					"@executable_path/Frameworks",
				);
				MARKETING_VERSION = 1.0;
				PRODUCT_BUNDLE_IDENTIFIER = 20221220.TCAQuestion000.TCAQuestion0001;
				PRODUCT_NAME = "$(TARGET_NAME)";
				SWIFT_EMIT_LOC_STRINGS = YES;
				SWIFT_VERSION = 5.0;
				TARGETED_DEVICE_FAMILY = "1,2";
			};
			name = Release;
		};
/* End XCBuildConfiguration section */

/* Begin XCConfigurationList section */
		7C04A040295262ED0005594C /* Build configuration list for PBXProject "TCAQuestion0001" */ = {
			isa = XCConfigurationList;
			buildConfigurations = (
				7C04A051295262EE0005594C /* Debug */,
				7C04A052295262EE0005594C /* Release */,
			);
			defaultConfigurationIsVisible = 0;
			defaultConfigurationName = Release;
		};
		7C04A053295262EE0005594C /* Build configuration list for PBXNativeTarget "TCAQuestion0001" */ = {
			isa = XCConfigurationList;
			buildConfigurations = (
				7C04A054295262EE0005594C /* Debug */,
				7C04A055295262EE0005594C /* Release */,
			);
			defaultConfigurationIsVisible = 0;
			defaultConfigurationName = Release;
		};
/* End XCConfigurationList section */

/* Begin XCRemoteSwiftPackageReference section */
		7C04A056295263830005594C /* XCRemoteSwiftPackageReference "swift-composable-architecture" */ = {
			isa = XCRemoteSwiftPackageReference;
			repositoryURL = "https://github.com/pointfreeco/swift-composable-architecture";
			requirement = {
				kind = upToNextMajorVersion;
				minimumVersion = 0.9.0;
			};
		};
/* End XCRemoteSwiftPackageReference section */

/* Begin XCSwiftPackageProductDependency section */
		7C04A057295263830005594C /* ComposableArchitecture */ = {
			isa = XCSwiftPackageProductDependency;
			package = 7C04A056295263830005594C /* XCRemoteSwiftPackageReference "swift-composable-architecture" */;
			productName = ComposableArchitecture;
		};
/* End XCSwiftPackageProductDependency section */
	};
	rootObject = 7C04A03D295262ED0005594C /* Project object */;
}
